<?xml version="1.0" encoding="utf-8"?>
<Project ToolsVersion="4.0" xmlns="http://schemas.microsoft.com/developer/msbuild/2003">
  <ItemGroup>
    <ClInclude Include="Include\Forr\Application.hpp" />
    <ClInclude Include="Include\Forr\PCH\pch.hpp" />
    <ClInclude Include="Include\Forr\Layer.hpp" />
    <ClInclude Include="Include\Forr\Core\attributes.hpp" />
    <ClInclude Include="Include\Forr\Core\custom_allocators.hpp" />
    <ClInclude Include="Include\Forr\Core\logging.hpp" />
    <ClInclude Include="Include\Forr\Core\pointer.hpp" />
    <ClInclude Include="Include\Forr\Platform\IPlatformSystem.hpp" />
    <ClInclude Include="Include\Forr\Platform\IWindow.hpp" />
    <ClInclude Include="Source\Platform\GLFW\PlatformSystemGLFW.hpp" />
    <ClInclude Include="Source\Platform\GLFW\WindowGLFW.hpp" />
  </ItemGroup>
  <ItemGroup>
    <ClCompile Include="Source\Application.cpp" />
    <ClCompile Include="Source\pch.cpp" />
    <ClCompile Include="Source\Layer.cpp" />
    <ClCompile Include="Source\logging.cpp" />
    <ClCompile Include="Source\Platform\IPlatformSystem.cpp" />
    <ClCompile Include="Source\Platform\GLFW\PlatformSystemGLFW.cpp" />
    <ClCompile Include="Source\Platform\GLFW\WindowGLFW.cpp" />
  </ItemGroup>
</Project>