<?xml version="1.0" encoding="utf-8"?>
<Project ToolsVersion="4.0" xmlns="http://schemas.microsoft.com/developer/msbuild/2003">
  <ItemGroup>
    <ClInclude Include="Include\Forr\Application.hpp" />
    <ClInclude Include="Include\Forr\pch\pch.hpp" />
    <ClInclude Include="Include\Forr\Layer.hpp" />
  </ItemGroup>
  <ItemGroup>
    <ClCompile Include="Source\Application.cpp" />
    <ClCompile Include="Source\pch.cpp" />
    <ClCompile Include="Source\Layer.cpp" />
  </ItemGroup>
</Project>